// !$*UTF8*$!
{
	archiveVersion = 1;
	classes = {
	};
	objectVersion = 56;
	objects = {

/* Begin PBXBuildFile section */
		EF18FBD82C733AE500E03C5F /* AppDelegate.swift in Sources */ = {isa = PBXBuildFile; fileRef = EF18FBD72C733AE500E03C5F /* AppDelegate.swift */; };
		EF18FBDA2C733AE500E03C5F /* SceneDelegate.swift in Sources */ = {isa = PBXBuildFile; fileRef = EF18FBD92C733AE500E03C5F /* SceneDelegate.swift */; };
		EF18FBDC2C733AE500E03C5F /* ViewController.swift in Sources */ = {isa = PBXBuildFile; fileRef = EF18FBDB2C733AE500E03C5F /* ViewController.swift */; };
		EF18FBDF2C733AE500E03C5F /* Main.storyboard in Resources */ = {isa = PBXBuildFile; fileRef = EF18FBDD2C733AE500E03C5F /* Main.storyboard */; };
		EF18FBE12C733AE600E03C5F /* Assets.xcassets in Resources */ = {isa = PBXBuildFile; fileRef = EF18FBE02C733AE600E03C5F /* Assets.xcassets */; };
		EF18FBE42C733AE600E03C5F /* LaunchScreen.storyboard in Resources */ = {isa = PBXBuildFile; fileRef = EF18FBE22C733AE600E03C5F /* LaunchScreen.storyboard */; };
		EF18FBEF2C733AE600E03C5F /* persec2024_ios_dev_interview_Kritsanun_WisessukTests.swift in Sources */ = {isa = PBXBuildFile; fileRef = EF18FBEE2C733AE600E03C5F /* persec2024_ios_dev_interview_Kritsanun_WisessukTests.swift */; };
		EF18FBF92C733AE600E03C5F /* persec2024_ios_dev_interview_Kritsanun_WisessukUITests.swift in Sources */ = {isa = PBXBuildFile; fileRef = EF18FBF82C733AE600E03C5F /* persec2024_ios_dev_interview_Kritsanun_WisessukUITests.swift */; };
		EF18FBFB2C733AE600E03C5F /* persec2024_ios_dev_interview_Kritsanun_WisessukUITestsLaunchTests.swift in Sources */ = {isa = PBXBuildFile; fileRef = EF18FBFA2C733AE600E03C5F /* persec2024_ios_dev_interview_Kritsanun_WisessukUITestsLaunchTests.swift */; };
		EF18FC082C733B2D00E03C5F /* MainViewModel.swift in Sources */ = {isa = PBXBuildFile; fileRef = EF18FC072C733B2D00E03C5F /* MainViewModel.swift */; };
		EF18FC0B2C73544100E03C5F /* Ex1.swift in Sources */ = {isa = PBXBuildFile; fileRef = EF18FC0A2C73544100E03C5F /* Ex1.swift */; };
		EF18FC0D2C73545E00E03C5F /* Ex2.swift in Sources */ = {isa = PBXBuildFile; fileRef = EF18FC0C2C73545E00E03C5F /* Ex2.swift */; };
		EF18FC0F2C73546D00E03C5F /* Ex3.swift in Sources */ = {isa = PBXBuildFile; fileRef = EF18FC0E2C73546D00E03C5F /* Ex3.swift */; };
		EF18FC112C73547900E03C5F /* Ex4.swift in Sources */ = {isa = PBXBuildFile; fileRef = EF18FC102C73547900E03C5F /* Ex4.swift */; };
		EF18FC132C73548000E03C5F /* Ex5.swift in Sources */ = {isa = PBXBuildFile; fileRef = EF18FC122C73548000E03C5F /* Ex5.swift */; };
/* End PBXBuildFile section */

/* Begin PBXContainerItemProxy section */
		EF18FBEB2C733AE600E03C5F /* PBXContainerItemProxy */ = {
			isa = PBXContainerItemProxy;
			containerPortal = EF18FBCC2C733AE500E03C5F /* Project object */;
			proxyType = 1;
			remoteGlobalIDString = EF18FBD32C733AE500E03C5F;
			remoteInfo = "persec2024-ios-dev-interview-Kritsanun-Wisessuk";
		};
		EF18FBF52C733AE600E03C5F /* PBXContainerItemProxy */ = {
			isa = PBXContainerItemProxy;
			containerPortal = EF18FBCC2C733AE500E03C5F /* Project object */;
			proxyType = 1;
			remoteGlobalIDString = EF18FBD32C733AE500E03C5F;
			remoteInfo = "persec2024-ios-dev-interview-Kritsanun-Wisessuk";
		};
/* End PBXContainerItemProxy section */

/* Begin PBXFileReference section */
		EF18FBD42C733AE500E03C5F /* persec2024-ios-dev-interview-Kritsanun-Wisessuk.app */ = {isa = PBXFileReference; explicitFileType = wrapper.application; includeInIndex = 0; path = "persec2024-ios-dev-interview-Kritsanun-Wisessuk.app"; sourceTree = BUILT_PRODUCTS_DIR; };
		EF18FBD72C733AE500E03C5F /* AppDelegate.swift */ = {isa = PBXFileReference; lastKnownFileType = sourcecode.swift; path = AppDelegate.swift; sourceTree = "<group>"; };
		EF18FBD92C733AE500E03C5F /* SceneDelegate.swift */ = {isa = PBXFileReference; lastKnownFileType = sourcecode.swift; path = SceneDelegate.swift; sourceTree = "<group>"; };
		EF18FBDB2C733AE500E03C5F /* ViewController.swift */ = {isa = PBXFileReference; lastKnownFileType = sourcecode.swift; path = ViewController.swift; sourceTree = "<group>"; };
		EF18FBDE2C733AE500E03C5F /* Base */ = {isa = PBXFileReference; lastKnownFileType = file.storyboard; name = Base; path = Base.lproj/Main.storyboard; sourceTree = "<group>"; };
		EF18FBE02C733AE600E03C5F /* Assets.xcassets */ = {isa = PBXFileReference; lastKnownFileType = folder.assetcatalog; path = Assets.xcassets; sourceTree = "<group>"; };
		EF18FBE32C733AE600E03C5F /* Base */ = {isa = PBXFileReference; lastKnownFileType = file.storyboard; name = Base; path = Base.lproj/LaunchScreen.storyboard; sourceTree = "<group>"; };
		EF18FBE52C733AE600E03C5F /* Info.plist */ = {isa = PBXFileReference; lastKnownFileType = text.plist.xml; path = Info.plist; sourceTree = "<group>"; };
		EF18FBEA2C733AE600E03C5F /* persec2024-ios-dev-interview-Kritsanun-WisessukTests.xctest */ = {isa = PBXFileReference; explicitFileType = wrapper.cfbundle; includeInIndex = 0; path = "persec2024-ios-dev-interview-Kritsanun-WisessukTests.xctest"; sourceTree = BUILT_PRODUCTS_DIR; };
		EF18FBEE2C733AE600E03C5F /* persec2024_ios_dev_interview_Kritsanun_WisessukTests.swift */ = {isa = PBXFileReference; lastKnownFileType = sourcecode.swift; path = persec2024_ios_dev_interview_Kritsanun_WisessukTests.swift; sourceTree = "<group>"; };
		EF18FBF42C733AE600E03C5F /* persec2024-ios-dev-interview-Kritsanun-WisessukUITests.xctest */ = {isa = PBXFileReference; explicitFileType = wrapper.cfbundle; includeInIndex = 0; path = "persec2024-ios-dev-interview-Kritsanun-WisessukUITests.xctest"; sourceTree = BUILT_PRODUCTS_DIR; };
		EF18FBF82C733AE600E03C5F /* persec2024_ios_dev_interview_Kritsanun_WisessukUITests.swift */ = {isa = PBXFileReference; lastKnownFileType = sourcecode.swift; path = persec2024_ios_dev_interview_Kritsanun_WisessukUITests.swift; sourceTree = "<group>"; };
		EF18FBFA2C733AE600E03C5F /* persec2024_ios_dev_interview_Kritsanun_WisessukUITestsLaunchTests.swift */ = {isa = PBXFileReference; lastKnownFileType = sourcecode.swift; path = persec2024_ios_dev_interview_Kritsanun_WisessukUITestsLaunchTests.swift; sourceTree = "<group>"; };
		EF18FC072C733B2D00E03C5F /* MainViewModel.swift */ = {isa = PBXFileReference; fileEncoding = 4; lastKnownFileType = sourcecode.swift; path = MainViewModel.swift; sourceTree = "<group>"; };
		EF18FC0A2C73544100E03C5F /* Ex1.swift */ = {isa = PBXFileReference; lastKnownFileType = sourcecode.swift; path = Ex1.swift; sourceTree = "<group>"; };
		EF18FC0C2C73545E00E03C5F /* Ex2.swift */ = {isa = PBXFileReference; lastKnownFileType = sourcecode.swift; path = Ex2.swift; sourceTree = "<group>"; };
		EF18FC0E2C73546D00E03C5F /* Ex3.swift */ = {isa = PBXFileReference; lastKnownFileType = sourcecode.swift; path = Ex3.swift; sourceTree = "<group>"; };
		EF18FC102C73547900E03C5F /* Ex4.swift */ = {isa = PBXFileReference; lastKnownFileType = sourcecode.swift; path = Ex4.swift; sourceTree = "<group>"; };
		EF18FC122C73548000E03C5F /* Ex5.swift */ = {isa = PBXFileReference; lastKnownFileType = sourcecode.swift; path = Ex5.swift; sourceTree = "<group>"; };
/* End PBXFileReference section */

/* Begin PBXFrameworksBuildPhase section */
		EF18FBD12C733AE500E03C5F /* Frameworks */ = {
			isa = PBXFrameworksBuildPhase;
			buildActionMask = 2147483647;
			files = (
			);
			runOnlyForDeploymentPostprocessing = 0;
		};
		EF18FBE72C733AE600E03C5F /* Frameworks */ = {
			isa = PBXFrameworksBuildPhase;
			buildActionMask = 2147483647;
			files = (
			);
			runOnlyForDeploymentPostprocessing = 0;
		};
		EF18FBF12C733AE600E03C5F /* Frameworks */ = {
			isa = PBXFrameworksBuildPhase;
			buildActionMask = 2147483647;
			files = (
			);
			runOnlyForDeploymentPostprocessing = 0;
		};
/* End PBXFrameworksBuildPhase section */

/* Begin PBXGroup section */
		EF18FBCB2C733AE500E03C5F = {
			isa = PBXGroup;
			children = (
				EF18FBD62C733AE500E03C5F /* persec2024-ios-dev-interview-Kritsanun-Wisessuk */,
				EF18FBED2C733AE600E03C5F /* persec2024-ios-dev-interview-Kritsanun-WisessukTests */,
				EF18FBF72C733AE600E03C5F /* persec2024-ios-dev-interview-Kritsanun-WisessukUITests */,
				EF18FBD52C733AE500E03C5F /* Products */,
			);
			sourceTree = "<group>";
		};
		EF18FBD52C733AE500E03C5F /* Products */ = {
			isa = PBXGroup;
			children = (
				EF18FBD42C733AE500E03C5F /* persec2024-ios-dev-interview-Kritsanun-Wisessuk.app */,
				EF18FBEA2C733AE600E03C5F /* persec2024-ios-dev-interview-Kritsanun-WisessukTests.xctest */,
				EF18FBF42C733AE600E03C5F /* persec2024-ios-dev-interview-Kritsanun-WisessukUITests.xctest */,
			);
			name = Products;
			sourceTree = "<group>";
		};
		EF18FBD62C733AE500E03C5F /* persec2024-ios-dev-interview-Kritsanun-Wisessuk */ = {
			isa = PBXGroup;
			children = (
				EF18FC092C73541800E03C5F /* Exam */,
				EF18FC072C733B2D00E03C5F /* MainViewModel.swift */,
				EF18FBD72C733AE500E03C5F /* AppDelegate.swift */,
				EF18FBD92C733AE500E03C5F /* SceneDelegate.swift */,
				EF18FBDB2C733AE500E03C5F /* ViewController.swift */,
				EF18FBDD2C733AE500E03C5F /* Main.storyboard */,
				EF18FBE02C733AE600E03C5F /* Assets.xcassets */,
				EF18FBE22C733AE600E03C5F /* LaunchScreen.storyboard */,
				EF18FBE52C733AE600E03C5F /* Info.plist */,
			);
			path = "persec2024-ios-dev-interview-Kritsanun-Wisessuk";
			sourceTree = "<group>";
		};
		EF18FBED2C733AE600E03C5F /* persec2024-ios-dev-interview-Kritsanun-WisessukTests */ = {
			isa = PBXGroup;
			children = (
				EF18FBEE2C733AE600E03C5F /* persec2024_ios_dev_interview_Kritsanun_WisessukTests.swift */,
			);
			path = "persec2024-ios-dev-interview-Kritsanun-WisessukTests";
			sourceTree = "<group>";
		};
		EF18FBF72C733AE600E03C5F /* persec2024-ios-dev-interview-Kritsanun-WisessukUITests */ = {
			isa = PBXGroup;
			children = (
				EF18FBF82C733AE600E03C5F /* persec2024_ios_dev_interview_Kritsanun_WisessukUITests.swift */,
				EF18FBFA2C733AE600E03C5F /* persec2024_ios_dev_interview_Kritsanun_WisessukUITestsLaunchTests.swift */,
			);
			path = "persec2024-ios-dev-interview-Kritsanun-WisessukUITests";
			sourceTree = "<group>";
		};
		EF18FC092C73541800E03C5F /* Exam */ = {
			isa = PBXGroup;
			children = (
				EF18FC0A2C73544100E03C5F /* Ex1.swift */,
				EF18FC0C2C73545E00E03C5F /* Ex2.swift */,
				EF18FC0E2C73546D00E03C5F /* Ex3.swift */,
				EF18FC102C73547900E03C5F /* Ex4.swift */,
				EF18FC122C73548000E03C5F /* Ex5.swift */,
			);
			path = Exam;
			sourceTree = "<group>";
		};
/* End PBXGroup section */

/* Begin PBXNativeTarget section */
		EF18FBD32C733AE500E03C5F /* persec2024-ios-dev-interview-Kritsanun-Wisessuk */ = {
			isa = PBXNativeTarget;
			buildConfigurationList = EF18FBFE2C733AE600E03C5F /* Build configuration list for PBXNativeTarget "persec2024-ios-dev-interview-Kritsanun-Wisessuk" */;
			buildPhases = (
				EF18FBD02C733AE500E03C5F /* Sources */,
				EF18FBD12C733AE500E03C5F /* Frameworks */,
				EF18FBD22C733AE500E03C5F /* Resources */,
			);
			buildRules = (
			);
			dependencies = (
			);
			name = "persec2024-ios-dev-interview-Kritsanun-Wisessuk";
			productName = "persec2024-ios-dev-interview-Kritsanun-Wisessuk";
			productReference = EF18FBD42C733AE500E03C5F /* persec2024-ios-dev-interview-Kritsanun-Wisessuk.app */;
			productType = "com.apple.product-type.application";
		};
		EF18FBE92C733AE600E03C5F /* persec2024-ios-dev-interview-Kritsanun-WisessukTests */ = {
			isa = PBXNativeTarget;
			buildConfigurationList = EF18FC012C733AE600E03C5F /* Build configuration list for PBXNativeTarget "persec2024-ios-dev-interview-Kritsanun-WisessukTests" */;
			buildPhases = (
				EF18FBE62C733AE600E03C5F /* Sources */,
				EF18FBE72C733AE600E03C5F /* Frameworks */,
				EF18FBE82C733AE600E03C5F /* Resources */,
			);
			buildRules = (
			);
			dependencies = (
				EF18FBEC2C733AE600E03C5F /* PBXTargetDependency */,
			);
			name = "persec2024-ios-dev-interview-Kritsanun-WisessukTests";
			productName = "persec2024-ios-dev-interview-Kritsanun-WisessukTests";
			productReference = EF18FBEA2C733AE600E03C5F /* persec2024-ios-dev-interview-Kritsanun-WisessukTests.xctest */;
			productType = "com.apple.product-type.bundle.unit-test";
		};
		EF18FBF32C733AE600E03C5F /* persec2024-ios-dev-interview-Kritsanun-WisessukUITests */ = {
			isa = PBXNativeTarget;
			buildConfigurationList = EF18FC042C733AE600E03C5F /* Build configuration list for PBXNativeTarget "persec2024-ios-dev-interview-Kritsanun-WisessukUITests" */;
			buildPhases = (
				EF18FBF02C733AE600E03C5F /* Sources */,
				EF18FBF12C733AE600E03C5F /* Frameworks */,
				EF18FBF22C733AE600E03C5F /* Resources */,
			);
			buildRules = (
			);
			dependencies = (
				EF18FBF62C733AE600E03C5F /* PBXTargetDependency */,
			);
			name = "persec2024-ios-dev-interview-Kritsanun-WisessukUITests";
			productName = "persec2024-ios-dev-interview-Kritsanun-WisessukUITests";
			productReference = EF18FBF42C733AE600E03C5F /* persec2024-ios-dev-interview-Kritsanun-WisessukUITests.xctest */;
			productType = "com.apple.product-type.bundle.ui-testing";
		};
/* End PBXNativeTarget section */

/* Begin PBXProject section */
		EF18FBCC2C733AE500E03C5F /* Project object */ = {
			isa = PBXProject;
			attributes = {
				BuildIndependentTargetsInParallel = 1;
				LastSwiftUpdateCheck = 1500;
				LastUpgradeCheck = 1500;
				TargetAttributes = {
					EF18FBD32C733AE500E03C5F = {
						CreatedOnToolsVersion = 15.0;
					};
					EF18FBE92C733AE600E03C5F = {
						CreatedOnToolsVersion = 15.0;
						TestTargetID = EF18FBD32C733AE500E03C5F;
					};
					EF18FBF32C733AE600E03C5F = {
						CreatedOnToolsVersion = 15.0;
						TestTargetID = EF18FBD32C733AE500E03C5F;
					};
				};
			};
			buildConfigurationList = EF18FBCF2C733AE500E03C5F /* Build configuration list for PBXProject "persec2024-ios-dev-interview-Kritsanun-Wisessuk" */;
			compatibilityVersion = "Xcode 14.0";
			developmentRegion = en;
			hasScannedForEncodings = 0;
			knownRegions = (
				en,
				Base,
			);
			mainGroup = EF18FBCB2C733AE500E03C5F;
			productRefGroup = EF18FBD52C733AE500E03C5F /* Products */;
			projectDirPath = "";
			projectRoot = "";
			targets = (
				EF18FBD32C733AE500E03C5F /* persec2024-ios-dev-interview-Kritsanun-Wisessuk */,
				EF18FBE92C733AE600E03C5F /* persec2024-ios-dev-interview-Kritsanun-WisessukTests */,
				EF18FBF32C733AE600E03C5F /* persec2024-ios-dev-interview-Kritsanun-WisessukUITests */,
			);
		};
/* End PBXProject section */

/* Begin PBXResourcesBuildPhase section */
		EF18FBD22C733AE500E03C5F /* Resources */ = {
			isa = PBXResourcesBuildPhase;
			buildActionMask = 2147483647;
			files = (
				EF18FBE42C733AE600E03C5F /* LaunchScreen.storyboard in Resources */,
				EF18FBE12C733AE600E03C5F /* Assets.xcassets in Resources */,
				EF18FBDF2C733AE500E03C5F /* Main.storyboard in Resources */,
			);
			runOnlyForDeploymentPostprocessing = 0;
		};
		EF18FBE82C733AE600E03C5F /* Resources */ = {
			isa = PBXResourcesBuildPhase;
			buildActionMask = 2147483647;
			files = (
			);
			runOnlyForDeploymentPostprocessing = 0;
		};
		EF18FBF22C733AE600E03C5F /* Resources */ = {
			isa = PBXResourcesBuildPhase;
			buildActionMask = 2147483647;
			files = (
			);
			runOnlyForDeploymentPostprocessing = 0;
		};
/* End PBXResourcesBuildPhase section */

/* Begin PBXSourcesBuildPhase section */
		EF18FBD02C733AE500E03C5F /* Sources */ = {
			isa = PBXSourcesBuildPhase;
			buildActionMask = 2147483647;
			files = (
				EF18FBDC2C733AE500E03C5F /* ViewController.swift in Sources */,
				EF18FBD82C733AE500E03C5F /* AppDelegate.swift in Sources */,
				EF18FBDA2C733AE500E03C5F /* SceneDelegate.swift in Sources */,
				EF18FC0F2C73546D00E03C5F /* Ex3.swift in Sources */,
				EF18FC082C733B2D00E03C5F /* MainViewModel.swift in Sources */,
				EF18FC132C73548000E03C5F /* Ex5.swift in Sources */,
				EF18FC112C73547900E03C5F /* Ex4.swift in Sources */,
				EF18FC0B2C73544100E03C5F /* Ex1.swift in Sources */,
				EF18FC0D2C73545E00E03C5F /* Ex2.swift in Sources */,
			);
			runOnlyForDeploymentPostprocessing = 0;
		};
		EF18FBE62C733AE600E03C5F /* Sources */ = {
			isa = PBXSourcesBuildPhase;
			buildActionMask = 2147483647;
			files = (
				EF18FBEF2C733AE600E03C5F /* persec2024_ios_dev_interview_Kritsanun_WisessukTests.swift in Sources */,
			);
			runOnlyForDeploymentPostprocessing = 0;
		};
		EF18FBF02C733AE600E03C5F /* Sources */ = {
			isa = PBXSourcesBuildPhase;
			buildActionMask = 2147483647;
			files = (
				EF18FBFB2C733AE600E03C5F /* persec2024_ios_dev_interview_Kritsanun_WisessukUITestsLaunchTests.swift in Sources */,
				EF18FBF92C733AE600E03C5F /* persec2024_ios_dev_interview_Kritsanun_WisessukUITests.swift in Sources */,
			);
			runOnlyForDeploymentPostprocessing = 0;
		};
/* End PBXSourcesBuildPhase section */

/* Begin PBXTargetDependency section */
		EF18FBEC2C733AE600E03C5F /* PBXTargetDependency */ = {
			isa = PBXTargetDependency;
			target = EF18FBD32C733AE500E03C5F /* persec2024-ios-dev-interview-Kritsanun-Wisessuk */;
			targetProxy = EF18FBEB2C733AE600E03C5F /* PBXContainerItemProxy */;
		};
		EF18FBF62C733AE600E03C5F /* PBXTargetDependency */ = {
			isa = PBXTargetDependency;
			target = EF18FBD32C733AE500E03C5F /* persec2024-ios-dev-interview-Kritsanun-Wisessuk */;
			targetProxy = EF18FBF52C733AE600E03C5F /* PBXContainerItemProxy */;
		};
/* End PBXTargetDependency section */

/* Begin PBXVariantGroup section */
		EF18FBDD2C733AE500E03C5F /* Main.storyboard */ = {
			isa = PBXVariantGroup;
			children = (
				EF18FBDE2C733AE500E03C5F /* Base */,
			);
			name = Main.storyboard;
			sourceTree = "<group>";
		};
		EF18FBE22C733AE600E03C5F /* LaunchScreen.storyboard */ = {
			isa = PBXVariantGroup;
			children = (
				EF18FBE32C733AE600E03C5F /* Base */,
			);
			name = LaunchScreen.storyboard;
			sourceTree = "<group>";
		};
/* End PBXVariantGroup section */

/* Begin XCBuildConfiguration section */
		EF18FBFC2C733AE600E03C5F /* Debug */ = {
			isa = XCBuildConfiguration;
			buildSettings = {
				ALWAYS_SEARCH_USER_PATHS = NO;
				ASSETCATALOG_COMPILER_GENERATE_SWIFT_ASSET_SYMBOL_EXTENSIONS = YES;
				CLANG_ANALYZER_NONNULL = YES;
				CLANG_ANALYZER_NUMBER_OBJECT_CONVERSION = YES_AGGRESSIVE;
				CLANG_CXX_LANGUAGE_STANDARD = "gnu++20";
				CLANG_ENABLE_MODULES = YES;
				CLANG_ENABLE_OBJC_ARC = YES;
				CLANG_ENABLE_OBJC_WEAK = YES;
				CLANG_WARN_BLOCK_CAPTURE_AUTORELEASING = YES;
				CLANG_WARN_BOOL_CONVERSION = YES;
				CLANG_WARN_COMMA = YES;
				CLANG_WARN_CONSTANT_CONVERSION = YES;
				CLANG_WARN_DEPRECATED_OBJC_IMPLEMENTATIONS = YES;
				CLANG_WARN_DIRECT_OBJC_ISA_USAGE = YES_ERROR;
				CLANG_WARN_DOCUMENTATION_COMMENTS = YES;
				CLANG_WARN_EMPTY_BODY = YES;
				CLANG_WARN_ENUM_CONVERSION = YES;
				CLANG_WARN_INFINITE_RECURSION = YES;
				CLANG_WARN_INT_CONVERSION = YES;
				CLANG_WARN_NON_LITERAL_NULL_CONVERSION = YES;
				CLANG_WARN_OBJC_IMPLICIT_RETAIN_SELF = YES;
				CLANG_WARN_OBJC_LITERAL_CONVERSION = YES;
				CLANG_WARN_OBJC_ROOT_CLASS = YES_ERROR;
				CLANG_WARN_QUOTED_INCLUDE_IN_FRAMEWORK_HEADER = YES;
				CLANG_WARN_RANGE_LOOP_ANALYSIS = YES;
				CLANG_WARN_STRICT_PROTOTYPES = YES;
				CLANG_WARN_SUSPICIOUS_MOVE = YES;
				CLANG_WARN_UNGUARDED_AVAILABILITY = YES_AGGRESSIVE;
				CLANG_WARN_UNREACHABLE_CODE = YES;
				CLANG_WARN__DUPLICATE_METHOD_MATCH = YES;
				COPY_PHASE_STRIP = NO;
				DEBUG_INFORMATION_FORMAT = dwarf;
				ENABLE_STRICT_OBJC_MSGSEND = YES;
				ENABLE_TESTABILITY = YES;
				ENABLE_USER_SCRIPT_SANDBOXING = YES;
				GCC_C_LANGUAGE_STANDARD = gnu17;
				GCC_DYNAMIC_NO_PIC = NO;
				GCC_NO_COMMON_BLOCKS = YES;
				GCC_OPTIMIZATION_LEVEL = 0;
				GCC_PREPROCESSOR_DEFINITIONS = (
					"DEBUG=1",
					"$(inherited)",
				);
				GCC_WARN_64_TO_32_BIT_CONVERSION = YES;
				GCC_WARN_ABOUT_RETURN_TYPE = YES_ERROR;
				GCC_WARN_UNDECLARED_SELECTOR = YES;
				GCC_WARN_UNINITIALIZED_AUTOS = YES_AGGRESSIVE;
				GCC_WARN_UNUSED_FUNCTION = YES;
				GCC_WARN_UNUSED_VARIABLE = YES;
				IPHONEOS_DEPLOYMENT_TARGET = 17.0;
				LOCALIZATION_PREFERS_STRING_CATALOGS = YES;
				MTL_ENABLE_DEBUG_INFO = INCLUDE_SOURCE;
				MTL_FAST_MATH = YES;
				ONLY_ACTIVE_ARCH = YES;
				SDKROOT = iphoneos;
				SWIFT_ACTIVE_COMPILATION_CONDITIONS = "DEBUG $(inherited)";
				SWIFT_OPTIMIZATION_LEVEL = "-Onone";
			};
			name = Debug;
		};
		EF18FBFD2C733AE600E03C5F /* Release */ = {
			isa = XCBuildConfiguration;
			buildSettings = {
				ALWAYS_SEARCH_USER_PATHS = NO;
				ASSETCATALOG_COMPILER_GENERATE_SWIFT_ASSET_SYMBOL_EXTENSIONS = YES;
				CLANG_ANALYZER_NONNULL = YES;
				CLANG_ANALYZER_NUMBER_OBJECT_CONVERSION = YES_AGGRESSIVE;
				CLANG_CXX_LANGUAGE_STANDARD = "gnu++20";
				CLANG_ENABLE_MODULES = YES;
				CLANG_ENABLE_OBJC_ARC = YES;
				CLANG_ENABLE_OBJC_WEAK = YES;
				CLANG_WARN_BLOCK_CAPTURE_AUTORELEASING = YES;
				CLANG_WARN_BOOL_CONVERSION = YES;
				CLANG_WARN_COMMA = YES;
				CLANG_WARN_CONSTANT_CONVERSION = YES;
				CLANG_WARN_DEPRECATED_OBJC_IMPLEMENTATIONS = YES;
				CLANG_WARN_DIRECT_OBJC_ISA_USAGE = YES_ERROR;
				CLANG_WARN_DOCUMENTATION_COMMENTS = YES;
				CLANG_WARN_EMPTY_BODY = YES;
				CLANG_WARN_ENUM_CONVERSION = YES;
				CLANG_WARN_INFINITE_RECURSION = YES;
				CLANG_WARN_INT_CONVERSION = YES;
				CLANG_WARN_NON_LITERAL_NULL_CONVERSION = YES;
				CLANG_WARN_OBJC_IMPLICIT_RETAIN_SELF = YES;
				CLANG_WARN_OBJC_LITERAL_CONVERSION = YES;
				CLANG_WARN_OBJC_ROOT_CLASS = YES_ERROR;
				CLANG_WARN_QUOTED_INCLUDE_IN_FRAMEWORK_HEADER = YES;
				CLANG_WARN_RANGE_LOOP_ANALYSIS = YES;
				CLANG_WARN_STRICT_PROTOTYPES = YES;
				CLANG_WARN_SUSPICIOUS_MOVE = YES;
				CLANG_WARN_UNGUARDED_AVAILABILITY = YES_AGGRESSIVE;
				CLANG_WARN_UNREACHABLE_CODE = YES;
				CLANG_WARN__DUPLICATE_METHOD_MATCH = YES;
				COPY_PHASE_STRIP = NO;
				DEBUG_INFORMATION_FORMAT = "dwarf-with-dsym";
				ENABLE_NS_ASSERTIONS = NO;
				ENABLE_STRICT_OBJC_MSGSEND = YES;
				ENABLE_USER_SCRIPT_SANDBOXING = YES;
				GCC_C_LANGUAGE_STANDARD = gnu17;
				GCC_NO_COMMON_BLOCKS = YES;
				GCC_WARN_64_TO_32_BIT_CONVERSION = YES;
				GCC_WARN_ABOUT_RETURN_TYPE = YES_ERROR;
				GCC_WARN_UNDECLARED_SELECTOR = YES;
				GCC_WARN_UNINITIALIZED_AUTOS = YES_AGGRESSIVE;
				GCC_WARN_UNUSED_FUNCTION = YES;
				GCC_WARN_UNUSED_VARIABLE = YES;
				IPHONEOS_DEPLOYMENT_TARGET = 17.0;
				LOCALIZATION_PREFERS_STRING_CATALOGS = YES;
				MTL_ENABLE_DEBUG_INFO = NO;
				MTL_FAST_MATH = YES;
				SDKROOT = iphoneos;
				SWIFT_COMPILATION_MODE = wholemodule;
				VALIDATE_PRODUCT = YES;
			};
			name = Release;
		};
		EF18FBFF2C733AE600E03C5F /* Debug */ = {
			isa = XCBuildConfiguration;
			buildSettings = {
				ASSETCATALOG_COMPILER_APPICON_NAME = AppIcon;
				ASSETCATALOG_COMPILER_GLOBAL_ACCENT_COLOR_NAME = AccentColor;
				CODE_SIGN_STYLE = Automatic;
				CURRENT_PROJECT_VERSION = 1;
				DEVELOPMENT_TEAM = 4N59M59VPN;
				GENERATE_INFOPLIST_FILE = YES;
				INFOPLIST_FILE = "persec2024-ios-dev-interview-Kritsanun-Wisessuk/Info.plist";
				INFOPLIST_KEY_UIApplicationSupportsIndirectInputEvents = YES;
				INFOPLIST_KEY_UILaunchStoryboardName = LaunchScreen;
				INFOPLIST_KEY_UIMainStoryboardFile = Main;
				INFOPLIST_KEY_UISupportedInterfaceOrientations_iPad = "UIInterfaceOrientationPortrait UIInterfaceOrientationPortraitUpsideDown UIInterfaceOrientationLandscapeLeft UIInterfaceOrientationLandscapeRight";
				INFOPLIST_KEY_UISupportedInterfaceOrientations_iPhone = "UIInterfaceOrientationPortrait UIInterfaceOrientationLandscapeLeft UIInterfaceOrientationLandscapeRight";
				LD_RUNPATH_SEARCH_PATHS = (
					"$(inherited)",
					"@executable_path/Frameworks",
				);
				MARKETING_VERSION = 1.0;
				PRODUCT_BUNDLE_IDENTIFIER = "kritsanun.persec2024-ios-dev-interview-Kritsanun-Wisessuk";
				PRODUCT_NAME = "$(TARGET_NAME)";
				SWIFT_EMIT_LOC_STRINGS = YES;
				SWIFT_VERSION = 5.0;
				TARGETED_DEVICE_FAMILY = "1,2";
			};
			name = Debug;
		};
		EF18FC002C733AE600E03C5F /* Release */ = {
			isa = XCBuildConfiguration;
			buildSettings = {
				ASSETCATALOG_COMPILER_APPICON_NAME = AppIcon;
				ASSETCATALOG_COMPILER_GLOBAL_ACCENT_COLOR_NAME = AccentColor;
				CODE_SIGN_STYLE = Automatic;
				CURRENT_PROJECT_VERSION = 1;
				DEVELOPMENT_TEAM = 4N59M59VPN;
				GENERATE_INFOPLIST_FILE = YES;
				INFOPLIST_FILE = "persec2024-ios-dev-interview-Kritsanun-Wisessuk/Info.plist";
				INFOPLIST_KEY_UIApplicationSupportsIndirectInputEvents = YES;
				INFOPLIST_KEY_UILaunchStoryboardName = LaunchScreen;
				INFOPLIST_KEY_UIMainStoryboardFile = Main;
				INFOPLIST_KEY_UISupportedInterfaceOrientations_iPad = "UIInterfaceOrientationPortrait UIInterfaceOrientationPortraitUpsideDown UIInterfaceOrientationLandscapeLeft UIInterfaceOrientationLandscapeRight";
				INFOPLIST_KEY_UISupportedInterfaceOrientations_iPhone = "UIInterfaceOrientationPortrait UIInterfaceOrientationLandscapeLeft UIInterfaceOrientationLandscapeRight";
				LD_RUNPATH_SEARCH_PATHS = (
					"$(inherited)",
					"@executable_path/Frameworks",
				);
				MARKETING_VERSION = 1.0;
				PRODUCT_BUNDLE_IDENTIFIER = "kritsanun.persec2024-ios-dev-interview-Kritsanun-Wisessuk";
				PRODUCT_NAME = "$(TARGET_NAME)";
				SWIFT_EMIT_LOC_STRINGS = YES;
				SWIFT_VERSION = 5.0;
				TARGETED_DEVICE_FAMILY = "1,2";
			};
			name = Release;
		};
		EF18FC022C733AE600E03C5F /* Debug */ = {
			isa = XCBuildConfiguration;
			buildSettings = {
				ALWAYS_EMBED_SWIFT_STANDARD_LIBRARIES = YES;
				BUNDLE_LOADER = "$(TEST_HOST)";
				CODE_SIGN_STYLE = Automatic;
				CURRENT_PROJECT_VERSION = 1;
				DEVELOPMENT_TEAM = 4N59M59VPN;
				GENERATE_INFOPLIST_FILE = YES;
				IPHONEOS_DEPLOYMENT_TARGET = 17.0;
				MARKETING_VERSION = 1.0;
				PRODUCT_BUNDLE_IDENTIFIER = "kritsanun.persec2024-ios-dev-interview-Kritsanun-WisessukTests";
				PRODUCT_NAME = "$(TARGET_NAME)";
				SWIFT_EMIT_LOC_STRINGS = NO;
				SWIFT_VERSION = 5.0;
				TARGETED_DEVICE_FAMILY = "1,2";
				TEST_HOST = "$(BUILT_PRODUCTS_DIR)/persec2024-ios-dev-interview-Kritsanun-Wisessuk.app/$(BUNDLE_EXECUTABLE_FOLDER_PATH)/persec2024-ios-dev-interview-Kritsanun-Wisessuk";
			};
			name = Debug;
		};
		EF18FC032C733AE600E03C5F /* Release */ = {
			isa = XCBuildConfiguration;
			buildSettings = {
				ALWAYS_EMBED_SWIFT_STANDARD_LIBRARIES = YES;
				BUNDLE_LOADER = "$(TEST_HOST)";
				CODE_SIGN_STYLE = Automatic;
				CURRENT_PROJECT_VERSION = 1;
				DEVELOPMENT_TEAM = 4N59M59VPN;
				GENERATE_INFOPLIST_FILE = YES;
				IPHONEOS_DEPLOYMENT_TARGET = 17.0;
				MARKETING_VERSION = 1.0;
				PRODUCT_BUNDLE_IDENTIFIER = "kritsanun.persec2024-ios-dev-interview-Kritsanun-WisessukTests";
				PRODUCT_NAME = "$(TARGET_NAME)";
				SWIFT_EMIT_LOC_STRINGS = NO;
				SWIFT_VERSION = 5.0;
				TARGETED_DEVICE_FAMILY = "1,2";
				TEST_HOST = "$(BUILT_PRODUCTS_DIR)/persec2024-ios-dev-interview-Kritsanun-Wisessuk.app/$(BUNDLE_EXECUTABLE_FOLDER_PATH)/persec2024-ios-dev-interview-Kritsanun-Wisessuk";
			};
			name = Release;
		};
		EF18FC052C733AE600E03C5F /* Debug */ = {
			isa = XCBuildConfiguration;
			buildSettings = {
				ALWAYS_EMBED_SWIFT_STANDARD_LIBRARIES = YES;
				CODE_SIGN_STYLE = Automatic;
				CURRENT_PROJECT_VERSION = 1;
				DEVELOPMENT_TEAM = 4N59M59VPN;
				GENERATE_INFOPLIST_FILE = YES;
				MARKETING_VERSION = 1.0;
				PRODUCT_BUNDLE_IDENTIFIER = "kritsanun.persec2024-ios-dev-interview-Kritsanun-WisessukUITests";
				PRODUCT_NAME = "$(TARGET_NAME)";
				SWIFT_EMIT_LOC_STRINGS = NO;
				SWIFT_VERSION = 5.0;
				TARGETED_DEVICE_FAMILY = "1,2";
				TEST_TARGET_NAME = "persec2024-ios-dev-interview-Kritsanun-Wisessuk";
			};
			name = Debug;
		};
		EF18FC062C733AE600E03C5F /* Release */ = {
			isa = XCBuildConfiguration;
			buildSettings = {
				ALWAYS_EMBED_SWIFT_STANDARD_LIBRARIES = YES;
				CODE_SIGN_STYLE = Automatic;
				CURRENT_PROJECT_VERSION = 1;
				DEVELOPMENT_TEAM = 4N59M59VPN;
				GENERATE_INFOPLIST_FILE = YES;
				MARKETING_VERSION = 1.0;
				PRODUCT_BUNDLE_IDENTIFIER = "kritsanun.persec2024-ios-dev-interview-Kritsanun-WisessukUITests";
				PRODUCT_NAME = "$(TARGET_NAME)";
				SWIFT_EMIT_LOC_STRINGS = NO;
				SWIFT_VERSION = 5.0;
				TARGETED_DEVICE_FAMILY = "1,2";
				TEST_TARGET_NAME = "persec2024-ios-dev-interview-Kritsanun-Wisessuk";
			};
			name = Release;
		};
/* End XCBuildConfiguration section */

/* Begin XCConfigurationList section */
		EF18FBCF2C733AE500E03C5F /* Build configuration list for PBXProject "persec2024-ios-dev-interview-Kritsanun-Wisessuk" */ = {
			isa = XCConfigurationList;
			buildConfigurations = (
				EF18FBFC2C733AE600E03C5F /* Debug */,
				EF18FBFD2C733AE600E03C5F /* Release */,
			);
			defaultConfigurationIsVisible = 0;
			defaultConfigurationName = Release;
		};
		EF18FBFE2C733AE600E03C5F /* Build configuration list for PBXNativeTarget "persec2024-ios-dev-interview-Kritsanun-Wisessuk" */ = {
			isa = XCConfigurationList;
			buildConfigurations = (
				EF18FBFF2C733AE600E03C5F /* Debug */,
				EF18FC002C733AE600E03C5F /* Release */,
			);
			defaultConfigurationIsVisible = 0;
			defaultConfigurationName = Release;
		};
		EF18FC012C733AE600E03C5F /* Build configuration list for PBXNativeTarget "persec2024-ios-dev-interview-Kritsanun-WisessukTests" */ = {
			isa = XCConfigurationList;
			buildConfigurations = (
				EF18FC022C733AE600E03C5F /* Debug */,
				EF18FC032C733AE600E03C5F /* Release */,
			);
			defaultConfigurationIsVisible = 0;
			defaultConfigurationName = Release;
		};
		EF18FC042C733AE600E03C5F /* Build configuration list for PBXNativeTarget "persec2024-ios-dev-interview-Kritsanun-WisessukUITests" */ = {
			isa = XCConfigurationList;
			buildConfigurations = (
				EF18FC052C733AE600E03C5F /* Debug */,
				EF18FC062C733AE600E03C5F /* Release */,
			);
			defaultConfigurationIsVisible = 0;
			defaultConfigurationName = Release;
		};
/* End XCConfigurationList section */
	};
	rootObject = EF18FBCC2C733AE500E03C5F /* Project object */;
}
